
Microsoft Visual Studio Solution File, Format Version 12.00
# Visual Studio 15
VisualStudioVersion = 15.0.27004.2002
MinimumVisualStudioVersion = 10.0.40219.1
Project("{FAE04EC0-301F-11D3-BF4B-00C04F79EFBC}") = "StayLive", "StayLive\StayLive.csproj", "{DB8EC508-E186-4A6A-A8BD-EABE46EDA987}"
EndProject
Project("{FAE04EC0-301F-11D3-BF4B-00C04F79EFBC}") = "StayLiveServices", "StayLiveServices\StayLiveServices.csproj", "{1B15A077-C961-4604-A90D-7593A58500F8}"
EndProject
Global
	GlobalSection(SolutionConfigurationPlatforms) = preSolution
		Debug|Any CPU = Debug|Any CPU
		Release|Any CPU = Release|Any CPU
	EndGlobalSection
	GlobalSection(ProjectConfigurationPlatforms) = postSolution
		{DB8EC508-E186-4A6A-A8BD-EABE46EDA987}.Debug|Any CPU.ActiveCfg = Debug|Any CPU
		{DB8EC508-E186-4A6A-A8BD-EABE46EDA987}.Debug|Any CPU.Build.0 = Debug|Any CPU
		{DB8EC508-E186-4A6A-A8BD-EABE46EDA987}.Release|Any CPU.ActiveCfg = Release|Any CPU
		{DB8EC508-E186-4A6A-A8BD-EABE46EDA987}.Release|Any CPU.Build.0 = Release|Any CPU
		{1B15A077-C961-4604-A90D-7593A58500F8}.Debug|Any CPU.ActiveCfg = Debug|Any CPU
		{1B15A077-C961-4604-A90D-7593A58500F8}.Debug|Any CPU.Build.0 = Debug|Any CPU
		{1B15A077-C961-4604-A90D-7593A58500F8}.Release|Any CPU.ActiveCfg = Release|Any CPU
		{1B15A077-C961-4604-A90D-7593A58500F8}.Release|Any CPU.Build.0 = Release|Any CPU
	EndGlobalSection
	GlobalSection(SolutionProperties) = preSolution
		HideSolutionNode = FALSE
	EndGlobalSection
	GlobalSection(ExtensibilityGlobals) = postSolution
		SolutionGuid = {42AAE91A-EC75-4932-8984-5F3BB43F3742}
	EndGlobalSection
EndGlobal
